dependencies:
- name: nats
  repository: https://nats-io.github.io/k8s/helm/charts/
  version: 1.2.4
- name: ollama
  repository: https://otwld.github.io/ollama-helm/
  version: 0.59.0
- name: ollama
  repository: https://otwld.github.io/ollama-helm/
  version: 0.59.0
- name: traefik
  repository: https://traefik.github.io/charts
  version: 32.1.0
digest: sha256:fe643fd556e83d858b0408481a0b3d81fe5b90315878fdc2239b8f246910fdf0
generated: "2026-08-16T11:28:56.112903-05:00"
